
Microsoft Visual Studio Solution File, Format Version 12.00
# Visual Studio Version 16
VisualStudioVersion = 16.0.30907.101
MinimumVisualStudioVersion = 10.0.40219.1
Project("{FAE04EC0-301F-11D3-BF4B-00C04F79EFBC}") = "Login2024", "Login2024.csproj", "{1E9B3AE7-DA6C-4600-8886-72DFF6AF2CF7}"
EndProject
Global
	GlobalSection(SolutionConfigurationPlatforms) = preSolution
		Debug|Any CPU = Debug|Any CPU
		Release|Any CPU = Release|Any CPU
	EndGlobalSection
	GlobalSection(ProjectConfigurationPlatforms) = postSolution
		{1E9B3AE7-DA6C-4600-8886-72DFF6AF2CF7}.Debug|Any CPU.ActiveCfg = Debug|Any CPU
		{1E9B3AE7-DA6C-4600-8886-72DFF6AF2CF7}.Debug|Any CPU.Build.0 = Debug|Any CPU
		{1E9B3AE7-DA6C-4600-8886-72DFF6AF2CF7}.Release|Any CPU.ActiveCfg = Release|Any CPU
		{1E9B3AE7-DA6C-4600-8886-72DFF6AF2CF7}.Release|Any CPU.Build.0 = Release|Any CPU
	EndGlobalSection
	GlobalSection(SolutionProperties) = preSolution
		HideSolutionNode = FALSE
	EndGlobalSection
	GlobalSection(ExtensibilityGlobals) = postSolution
		SolutionGuid = {7E3393E4-B00F-47BB-8F56-5AC48A6E8065}
	EndGlobalSection
EndGlobal
