
Microsoft Visual Studio Solution File, Format Version 12.00
# Visual Studio Version 16
VisualStudioVersion = 16.0.30907.101
MinimumVisualStudioVersion = 10.0.40219.1
Project("{FAE04EC0-301F-11D3-BF4B-00C04F79EFBC}") = "Sem8PAW_1062", "Sem8PAW_1062.csproj", "{1BA08E4B-506A-4F3C-BD28-26E3ADCEBEA9}"
EndProject
Global
	GlobalSection(SolutionConfigurationPlatforms) = preSolution
		Debug|Any CPU = Debug|Any CPU
		Release|Any CPU = Release|Any CPU
	EndGlobalSection
	GlobalSection(ProjectConfigurationPlatforms) = postSolution
		{1BA08E4B-506A-4F3C-BD28-26E3ADCEBEA9}.Debug|Any CPU.ActiveCfg = Debug|Any CPU
		{1BA08E4B-506A-4F3C-BD28-26E3ADCEBEA9}.Debug|Any CPU.Build.0 = Debug|Any CPU
		{1BA08E4B-506A-4F3C-BD28-26E3ADCEBEA9}.Release|Any CPU.ActiveCfg = Release|Any CPU
		{1BA08E4B-506A-4F3C-BD28-26E3ADCEBEA9}.Release|Any CPU.Build.0 = Release|Any CPU
	EndGlobalSection
	GlobalSection(SolutionProperties) = preSolution
		HideSolutionNode = FALSE
	EndGlobalSection
	GlobalSection(ExtensibilityGlobals) = postSolution
		SolutionGuid = {11AAC171-F9F1-47BC-9325-E67AFCCEE81A}
	EndGlobalSection
EndGlobal
