
Microsoft Visual Studio Solution File, Format Version 12.00
# Visual Studio Version 16
VisualStudioVersion = 16.0.30907.101
MinimumVisualStudioVersion = 10.0.40219.1
Project("{FAE04EC0-301F-11D3-BF4B-00C04F79EFBC}") = "Sem1PAW_1062", "Sem1PAW_1062.csproj", "{38E27CBB-5C72-451F-B326-04FB83F2D905}"
EndProject
Global
	GlobalSection(SolutionConfigurationPlatforms) = preSolution
		Debug|Any CPU = Debug|Any CPU
		Release|Any CPU = Release|Any CPU
	EndGlobalSection
	GlobalSection(ProjectConfigurationPlatforms) = postSolution
		{38E27CBB-5C72-451F-B326-04FB83F2D905}.Debug|Any CPU.ActiveCfg = Debug|Any CPU
		{38E27CBB-5C72-451F-B326-04FB83F2D905}.Debug|Any CPU.Build.0 = Debug|Any CPU
		{38E27CBB-5C72-451F-B326-04FB83F2D905}.Release|Any CPU.ActiveCfg = Release|Any CPU
		{38E27CBB-5C72-451F-B326-04FB83F2D905}.Release|Any CPU.Build.0 = Release|Any CPU
	EndGlobalSection
	GlobalSection(SolutionProperties) = preSolution
		HideSolutionNode = FALSE
	EndGlobalSection
	GlobalSection(ExtensibilityGlobals) = postSolution
		SolutionGuid = {81673651-3952-40F1-951B-698BA513BEC3}
	EndGlobalSection
EndGlobal
